{
	"name": "counterusingmithril-smalljs",
	"version": "1.0.0",
	"lockfileVersion": 3,
	"requires": true,
	"packages": {
		"": {
			"name": "counterusingmithril-smalljs",
			"version": "1.0.0",
			"dependencies": {
				"mithril": "^2.3.7",
				"tachyons": "^4.12.0"
			}
		},
		"node_modules/mithril": {
			"version": "2.3.7",
			"resolved": "https://registry.npmjs.org/mithril/-/mithril-2.3.7.tgz",
			"integrity": "sha512-igRr/o79tNDTL2wa4ta16V7B0A0KdtjPcRVBdw2BMHF0c08xpCk4GxN+Ws04NYq2kGDBA0En1QHF/dgCw1oIIw==",
			"license": "MIT"
		},
		"node_modules/tachyons": {
			"version": "4.12.0",
			"resolved": "https://registry.npmjs.org/tachyons/-/tachyons-4.12.0.tgz",
			"integrity": "sha512-2nA2IrYFy3raCM9fxJ2KODRGHVSZNTW3BR0YnlGsLUf1DA3pk3YfWZ/DdfbnZK6zLZS+jUenlUGJsKcA5fUiZg==",
			"license": "MIT"
		}
	}
}
