{
	"name": "counterusingmithril-smalljs",
	"version": "1.0.0",
	"lockfileVersion": 3,
	"requires": true,
	"packages": {
		"": {
			"name": "counterusingmithril-smalljs",
			"version": "1.0.0",
			"dependencies": {
				"mithril": "^2.3.2",
				"tachyons": "^4.12.0"
			}
		},
		"node_modules/mithril": {
			"version": "2.3.2",
			"resolved": "https://registry.npmjs.org/mithril/-/mithril-2.3.2.tgz",
			"integrity": "sha512-5FbFCbAaYSP4+ipaLAX10qJ6jKx6c4QrTQUGabBB8doH8PRcXV/Yd1lI+azu3TBuY6W2Evw0DuJtJJALLv3gQA==",
			"license": "MIT"
		},
		"node_modules/tachyons": {
			"version": "4.12.0",
			"resolved": "https://registry.npmjs.org/tachyons/-/tachyons-4.12.0.tgz",
			"integrity": "sha512-2nA2IrYFy3raCM9fxJ2KODRGHVSZNTW3BR0YnlGsLUf1DA3pk3YfWZ/DdfbnZK6zLZS+jUenlUGJsKcA5fUiZg==",
			"license": "MIT"
		}
	}
}
