{
	"name": "RAG",
	"lockfileVersion": 2,
	"requires": true,
	"packages": {
		"": {
			"dependencies": {
				"@anthropic-ai/sdk": "^0.111.0",
				"@google/generative-ai": "^0.24.1",
				"mariadb": "^3.5.3",
				"mysql2": "^3.22.6",
				"ollama": "^0.6.3",
				"openai": "^6.46.0",
				"pg": "^8.22.0"
			},
			"devDependencies": {
				"@types/node": "^26.1.1",
				"@types/pg": "^8.20.0"
			}
		},
		"node_modules/@anthropic-ai/sdk": {
			"version": "0.111.0",
			"resolved": "https://registry.npmjs.org/@anthropic-ai/sdk/-/sdk-0.111.0.tgz",
			"integrity": "sha512-1hUqKi+uJQoS5X90+InwHbFAXMvgq0DnsC5hVLEeSRaODiU5WvmqDAcVCmGS2wC0pN9Z8jtWCbWw7JLzeDdm/Q==",
			"license": "MIT",
			"dependencies": {
				"json-schema-to-ts": "^3.1.1",
				"standardwebhooks": "^1.0.0"
			},
			"bin": {
				"anthropic-ai-sdk": "bin/cli"
			},
			"peerDependencies": {
				"zod": "^3.25.0 || ^4.0.0"
			},
			"peerDependenciesMeta": {
				"zod": {
					"optional": true
				}
			}
		},
		"node_modules/@babel/runtime": {
			"version": "7.29.7",
			"resolved": "https://registry.npmjs.org/@babel/runtime/-/runtime-7.29.7.tgz",
			"integrity": "sha512-Nq8OhGWiZIZGV6hLHoyAKLLcJihP/xFeBMGJoUrxTX2psI8dCifzLhZISFb+VWS3wFMRDmCGw5R+dOySCqPLhw==",
			"license": "MIT",
			"engines": {
				"node": ">=6.9.0"
			}
		},
		"node_modules/@google/generative-ai": {
			"version": "0.24.1",
			"resolved": "https://registry.npmjs.org/@google/generative-ai/-/generative-ai-0.24.1.tgz",
			"integrity": "sha512-MqO+MLfM6kjxcKoy0p1wRzG3b4ZZXtPI+z2IE26UogS2Cm/XHO+7gGRBh6gcJsOiIVoH93UwKvW4HdgiOZCy9Q==",
			"license": "Apache-2.0",
			"engines": {
				"node": ">=18.0.0"
			}
		},
		"node_modules/@stablelib/base64": {
			"version": "1.0.1",
			"resolved": "https://registry.npmjs.org/@stablelib/base64/-/base64-1.0.1.tgz",
			"integrity": "sha512-1bnPQqSxSuc3Ii6MhBysoWCg58j97aUjuCSZrGSmDxNqtytIi0k8utUenAwTZN4V5mXXYGsVUI9zeBqy+jBOSQ==",
			"license": "MIT"
		},
		"node_modules/@types/geojson": {
			"version": "7946.0.16",
			"resolved": "https://registry.npmjs.org/@types/geojson/-/geojson-7946.0.16.tgz",
			"integrity": "sha512-6C8nqWur3j98U6+lXDfTUWIfgvZU+EumvpHKcYjujKH7woYyLj2sUmff0tRhrqM7BohUw7Pz3ZB1jj2gW9Fvmg==",
			"license": "MIT"
		},
		"node_modules/@types/node": {
			"version": "26.1.1",
			"resolved": "https://registry.npmjs.org/@types/node/-/node-26.1.1.tgz",
			"integrity": "sha512-nxAkRSVkN1Y0JC1W8ky/fTfkGsMmcrRsbx+3XoZE+rMOX71kLYTV7fLXpqud1GpbpP5TuffXFqfX7fH2GgZREw==",
			"license": "MIT",
			"dependencies": {
				"undici-types": "~8.3.0"
			}
		},
		"node_modules/@types/pg": {
			"version": "8.20.0",
			"resolved": "https://registry.npmjs.org/@types/pg/-/pg-8.20.0.tgz",
			"integrity": "sha512-bEPFOaMAHTEP1EzpvHTbmwR8UsFyHSKsRisLIHVMXnpNefSbGA1bD6CVy+qKjGSqmZqNqBDV2azOBo8TgkcVow==",
			"dev": true,
			"license": "MIT",
			"dependencies": {
				"@types/node": "*",
				"pg-protocol": "*",
				"pg-types": "^2.2.0"
			}
		},
		"node_modules/aws-ssl-profiles": {
			"version": "1.1.2",
			"resolved": "https://registry.npmjs.org/aws-ssl-profiles/-/aws-ssl-profiles-1.1.2.tgz",
			"integrity": "sha512-NZKeq9AfyQvEeNlN0zSYAaWrmBffJh3IELMZfRpJVWgrpEbtEpnjvzqBPf+mxoI287JohRDoa+/nsfqqiZmF6g==",
			"license": "MIT",
			"engines": {
				"node": ">= 6.0.0"
			}
		},
		"node_modules/denque": {
			"version": "2.1.0",
			"resolved": "https://registry.npmjs.org/denque/-/denque-2.1.0.tgz",
			"integrity": "sha512-HVQE3AAb/pxF8fQAoiqpvg9i3evqug3hoiwakOyZAwJm+6vZehbkYXZ0l4JxS+I3QxM97v5aaRNhj8v5oBhekw==",
			"license": "Apache-2.0",
			"engines": {
				"node": ">=0.10"
			}
		},
		"node_modules/fast-sha256": {
			"version": "1.3.0",
			"resolved": "https://registry.npmjs.org/fast-sha256/-/fast-sha256-1.3.0.tgz",
			"integrity": "sha512-n11RGP/lrWEFI/bWdygLxhI+pVeo1ZYIVwvvPkW7azl/rOy+F3HYRZ2K5zeE9mmkhQppyv9sQFx0JM9UabnpPQ==",
			"license": "Unlicense"
		},
		"node_modules/generate-function": {
			"version": "2.3.1",
			"resolved": "https://registry.npmjs.org/generate-function/-/generate-function-2.3.1.tgz",
			"integrity": "sha512-eeB5GfMNeevm/GRYq20ShmsaGcmI81kIX2K9XQx5miC8KdHaC6Jm0qQ8ZNeGOi7wYB8OsdxKs+Y2oVuTFuVwKQ==",
			"license": "MIT",
			"dependencies": {
				"is-property": "^1.0.2"
			}
		},
		"node_modules/iconv-lite": {
			"version": "0.7.3",
			"resolved": "https://registry.npmjs.org/iconv-lite/-/iconv-lite-0.7.3.tgz",
			"integrity": "sha512-IKXpvIzjnC9XTAUbVBcMfGS0EPaIXtW6v+zr+RRp+hqULEpo0owZax6wyRwPOJbWbzjYspQwusTsfVr0ifh4uQ==",
			"license": "MIT",
			"dependencies": {
				"safer-buffer": ">= 2.1.2 < 3.0.0"
			},
			"engines": {
				"node": ">=0.10.0"
			},
			"funding": {
				"type": "opencollective",
				"url": "https://opencollective.com/express"
			}
		},
		"node_modules/is-property": {
			"version": "1.0.2",
			"resolved": "https://registry.npmjs.org/is-property/-/is-property-1.0.2.tgz",
			"integrity": "sha512-Ks/IoX00TtClbGQr4TWXemAnktAQvYB7HzcCxDGqEZU6oCmb2INHuOoKxbtR+HFkmYWBKv/dOZtGRiAjDhj92g==",
			"license": "MIT"
		},
		"node_modules/json-schema-to-ts": {
			"version": "3.1.1",
			"resolved": "https://registry.npmjs.org/json-schema-to-ts/-/json-schema-to-ts-3.1.1.tgz",
			"integrity": "sha512-+DWg8jCJG2TEnpy7kOm/7/AxaYoaRbjVB4LFZLySZlWn8exGs3A4OLJR966cVvU26N7X9TWxl+Jsw7dzAqKT6g==",
			"license": "MIT",
			"dependencies": {
				"@babel/runtime": "^7.18.3",
				"ts-algebra": "^2.0.0"
			},
			"engines": {
				"node": ">=16"
			}
		},
		"node_modules/long": {
			"version": "5.3.2",
			"resolved": "https://registry.npmjs.org/long/-/long-5.3.2.tgz",
			"integrity": "sha512-mNAgZ1GmyNhD7AuqnTG3/VQ26o760+ZYBPKjPvugO8+nLbYfX6TVpJPseBvopbdY+qpZ/lKUnmEc1LeZYS3QAA==",
			"license": "Apache-2.0"
		},
		"node_modules/lru-cache": {
			"version": "11.5.2",
			"resolved": "https://registry.npmjs.org/lru-cache/-/lru-cache-11.5.2.tgz",
			"integrity": "sha512-4pfM1Ff0x50o0tQwb5ucw/RzNyD0/YJME6IVcStalZuMWxdt3sR3huStTtxz4PUmvZfRguvDejasvQ2kifR11g==",
			"license": "BlueOak-1.0.0",
			"engines": {
				"node": "20 || >=22"
			}
		},
		"node_modules/lru.min": {
			"version": "1.1.4",
			"resolved": "https://registry.npmjs.org/lru.min/-/lru.min-1.1.4.tgz",
			"integrity": "sha512-DqC6n3QQ77zdFpCMASA1a3Jlb64Hv2N2DciFGkO/4L9+q/IpIAuRlKOvCXabtRW6cQf8usbmM6BE/TOPysCdIA==",
			"license": "MIT",
			"engines": {
				"bun": ">=1.0.0",
				"deno": ">=1.30.0",
				"node": ">=8.0.0"
			},
			"funding": {
				"type": "github",
				"url": "https://github.com/sponsors/wellwelwel"
			}
		},
		"node_modules/mariadb": {
			"version": "3.5.3",
			"resolved": "https://registry.npmjs.org/mariadb/-/mariadb-3.5.3.tgz",
			"integrity": "sha512-i053Kc0MgdUv/hu9mCyq67TYfPXFj3/MV8I7ZW5wvJNixIyXC0VztMPUjIVj/449nQo+BsxFD4Fdk/sA/uqKPQ==",
			"license": "LGPL-2.1-or-later",
			"dependencies": {
				"@types/geojson": "^7946.0.16",
				"@types/node": ">=20",
				"denque": "^2.1.0",
				"iconv-lite": "^0.7.2",
				"lru-cache": "^11.5.0"
			},
			"engines": {
				"node": ">= 20.0.0"
			}
		},
		"node_modules/mysql2": {
			"version": "3.23.0",
			"resolved": "https://registry.npmjs.org/mysql2/-/mysql2-3.23.0.tgz",
			"integrity": "sha512-ZwyGLoG9BRlL7hKNDcIy7q18hA6WTWGEpLAerGHXj5Xahemia4msZdwjIOUIzesjK3B5z5gWLktf+2tYSLAyTA==",
			"license": "MIT",
			"dependencies": {
				"aws-ssl-profiles": "^1.1.2",
				"denque": "^2.1.0",
				"generate-function": "^2.3.1",
				"iconv-lite": "^0.7.2",
				"long": "^5.3.2",
				"lru.min": "^1.1.4",
				"named-placeholders": "^1.1.6",
				"sql-escaper": "^1.5.1"
			},
			"engines": {
				"node": ">= 8.0"
			},
			"peerDependencies": {
				"@types/node": ">= 8"
			}
		},
		"node_modules/named-placeholders": {
			"version": "1.1.6",
			"resolved": "https://registry.npmjs.org/named-placeholders/-/named-placeholders-1.1.6.tgz",
			"integrity": "sha512-Tz09sEL2EEuv5fFowm419c1+a/jSMiBjI9gHxVLrVdbUkkNUUfjsVYs9pVZu5oCon/kmRh9TfLEObFtkVxmY0w==",
			"license": "MIT",
			"dependencies": {
				"lru.min": "^1.1.0"
			},
			"engines": {
				"node": ">=8.0.0"
			}
		},
		"node_modules/ollama": {
			"version": "0.6.3",
			"resolved": "https://registry.npmjs.org/ollama/-/ollama-0.6.3.tgz",
			"integrity": "sha512-KEWEhIqE5wtfzEIZbDCLH51VFZ6Z3ZSa6sIOg/E/tBV8S51flyqBOXi+bRxlOYKDf8i327zG9eSTb8IJxvm3Zg==",
			"license": "MIT",
			"dependencies": {
				"whatwg-fetch": "^3.6.20"
			}
		},
		"node_modules/openai": {
			"version": "6.47.0",
			"resolved": "https://registry.npmjs.org/openai/-/openai-6.47.0.tgz",
			"integrity": "sha512-xYr+R9woSzWxVxeiqkkNbHhv89tZDEI6eBMbrdPnv3poh+mijHvbhS35a+3o6xHa411/ns8j5ENY3So9DCXWYw==",
			"license": "Apache-2.0",
			"peerDependencies": {
				"@aws-sdk/credential-provider-node": ">=3.972.0 <4",
				"@smithy/hash-node": ">=4.3.0 <5",
				"@smithy/signature-v4": ">=5.4.0 <6",
				"ws": "^8.18.0",
				"zod": "^3.25 || ^4.0"
			},
			"peerDependenciesMeta": {
				"@aws-sdk/credential-provider-node": {
					"optional": true
				},
				"@smithy/hash-node": {
					"optional": true
				},
				"@smithy/signature-v4": {
					"optional": true
				},
				"ws": {
					"optional": true
				},
				"zod": {
					"optional": true
				}
			}
		},
		"node_modules/pg": {
			"version": "8.22.0",
			"resolved": "https://registry.npmjs.org/pg/-/pg-8.22.0.tgz",
			"integrity": "sha512-8wih1vVIBMxoUM2oB4soJsD9tDnDpLv4OXBJ+EJzFsvycD+lfyIreC2gGHq78f8jbLLt+bvlPTFdFZfJkOuzAA==",
			"license": "MIT",
			"dependencies": {
				"pg-connection-string": "^2.14.0",
				"pg-pool": "^3.14.0",
				"pg-protocol": "^1.15.0",
				"pg-types": "2.2.0",
				"pgpass": "1.0.5"
			},
			"engines": {
				"node": ">= 16.0.0"
			},
			"optionalDependencies": {
				"pg-cloudflare": "^1.4.0"
			},
			"peerDependencies": {
				"pg-native": ">=3.0.1"
			},
			"peerDependenciesMeta": {
				"pg-native": {
					"optional": true
				}
			}
		},
		"node_modules/pg-cloudflare": {
			"version": "1.4.0",
			"resolved": "https://registry.npmjs.org/pg-cloudflare/-/pg-cloudflare-1.4.0.tgz",
			"integrity": "sha512-Vo7z/6rrQYxpNRylp4Tlob2elzbh+N/MOQbxFVWCxS7oEx6jF53GTJFxK2WWpKuBRkmiin4Mt+xofFDjx09R0A==",
			"license": "MIT",
			"optional": true
		},
		"node_modules/pg-connection-string": {
			"version": "2.14.0",
			"resolved": "https://registry.npmjs.org/pg-connection-string/-/pg-connection-string-2.14.0.tgz",
			"integrity": "sha512-XwWDGcLRGCXAR8F/AM5bG7Q+A3Wm2s6QeEjlOKZLlH3UYcguiqCWKyWXVag5TLTIjR7oOJUY8kcADaZgWPyLeg==",
			"license": "MIT"
		},
		"node_modules/pg-int8": {
			"version": "1.0.1",
			"resolved": "https://registry.npmjs.org/pg-int8/-/pg-int8-1.0.1.tgz",
			"integrity": "sha512-WCtabS6t3c8SkpDBUlb1kjOs7l66xsGdKpIPZsg4wR+B3+u9UAum2odSsF9tnvxg80h4ZxLWMy4pRjOsFIqQpw==",
			"license": "ISC",
			"engines": {
				"node": ">=4.0.0"
			}
		},
		"node_modules/pg-pool": {
			"version": "3.14.0",
			"resolved": "https://registry.npmjs.org/pg-pool/-/pg-pool-3.14.0.tgz",
			"integrity": "sha512-gKtPkFdQPU3DksooVLi9LsjZxrsBUZIpa+7aVx+LV5pNh0KzP4Zleud2po+ConrxbuXGBJ6Hfer6hdgpIBpBaw==",
			"license": "MIT",
			"peerDependencies": {
				"pg": ">=8.0"
			}
		},
		"node_modules/pg-protocol": {
			"version": "1.15.0",
			"resolved": "https://registry.npmjs.org/pg-protocol/-/pg-protocol-1.15.0.tgz",
			"integrity": "sha512-cq9sECI5s0+uPUXjbz8ioyPJni6RzsRib0US67i5IoTZKw8fNeYlVE7u8F4dG7vEJJtc5wdD1K189lCCUwqWTQ==",
			"license": "MIT"
		},
		"node_modules/pg-types": {
			"version": "2.2.0",
			"resolved": "https://registry.npmjs.org/pg-types/-/pg-types-2.2.0.tgz",
			"integrity": "sha512-qTAAlrEsl8s4OiEQY69wDvcMIdQN6wdz5ojQiOy6YRMuynxenON0O5oCpJI6lshc6scgAY8qvJ2On/p+CXY0GA==",
			"license": "MIT",
			"dependencies": {
				"pg-int8": "1.0.1",
				"postgres-array": "~2.0.0",
				"postgres-bytea": "~1.0.0",
				"postgres-date": "~1.0.4",
				"postgres-interval": "^1.1.0"
			},
			"engines": {
				"node": ">=4"
			}
		},
		"node_modules/pgpass": {
			"version": "1.0.5",
			"resolved": "https://registry.npmjs.org/pgpass/-/pgpass-1.0.5.tgz",
			"integrity": "sha512-FdW9r/jQZhSeohs1Z3sI1yxFQNFvMcnmfuj4WBMUTxOrAyLMaTcE1aAMBiTlbMNaXvBCQuVi0R7hd8udDSP7ug==",
			"license": "MIT",
			"dependencies": {
				"split2": "^4.1.0"
			}
		},
		"node_modules/postgres-array": {
			"version": "2.0.0",
			"resolved": "https://registry.npmjs.org/postgres-array/-/postgres-array-2.0.0.tgz",
			"integrity": "sha512-VpZrUqU5A69eQyW2c5CA1jtLecCsN2U/bD6VilrFDWq5+5UIEVO7nazS3TEcHf1zuPYO/sqGvUvW62g86RXZuA==",
			"license": "MIT",
			"engines": {
				"node": ">=4"
			}
		},
		"node_modules/postgres-bytea": {
			"version": "1.0.1",
			"resolved": "https://registry.npmjs.org/postgres-bytea/-/postgres-bytea-1.0.1.tgz",
			"integrity": "sha512-5+5HqXnsZPE65IJZSMkZtURARZelel2oXUEO8rH83VS/hxH5vv1uHquPg5wZs8yMAfdv971IU+kcPUczi7NVBQ==",
			"license": "MIT",
			"engines": {
				"node": ">=0.10.0"
			}
		},
		"node_modules/postgres-date": {
			"version": "1.0.7",
			"resolved": "https://registry.npmjs.org/postgres-date/-/postgres-date-1.0.7.tgz",
			"integrity": "sha512-suDmjLVQg78nMK2UZ454hAG+OAW+HQPZ6n++TNDUX+L0+uUlLywnoxJKDou51Zm+zTCjrCl0Nq6J9C5hP9vK/Q==",
			"license": "MIT",
			"engines": {
				"node": ">=0.10.0"
			}
		},
		"node_modules/postgres-interval": {
			"version": "1.2.0",
			"resolved": "https://registry.npmjs.org/postgres-interval/-/postgres-interval-1.2.0.tgz",
			"integrity": "sha512-9ZhXKM/rw350N1ovuWHbGxnGh/SNJ4cnxHiM0rxE4VN41wsg8P8zWn9hv/buK00RP4WvlOyr/RBDiptyxVbkZQ==",
			"license": "MIT",
			"dependencies": {
				"xtend": "^4.0.0"
			},
			"engines": {
				"node": ">=0.10.0"
			}
		},
		"node_modules/safer-buffer": {
			"version": "2.1.2",
			"resolved": "https://registry.npmjs.org/safer-buffer/-/safer-buffer-2.1.2.tgz",
			"integrity": "sha512-YZo3K82SD7Riyi0E1EQPojLz7kpepnSQI9IyPbHHg1XXXevb5dJI7tpyN2ADxGcQbHG7vcyRHk0cbwqcQriUtg==",
			"license": "MIT"
		},
		"node_modules/split2": {
			"version": "4.2.0",
			"resolved": "https://registry.npmjs.org/split2/-/split2-4.2.0.tgz",
			"integrity": "sha512-UcjcJOWknrNkF6PLX83qcHM6KHgVKNkV62Y8a5uYDVv9ydGQVwAHMKqHdJje1VTWpljG0WYpCDhrCdAOYH4TWg==",
			"license": "ISC",
			"engines": {
				"node": ">= 10.x"
			}
		},
		"node_modules/sql-escaper": {
			"version": "1.5.1",
			"resolved": "https://registry.npmjs.org/sql-escaper/-/sql-escaper-1.5.1.tgz",
			"integrity": "sha512-4toX5E1fQbBrpfXidaHnF0669nkAdETeIPTs2SUjxxD7RRIs9ICG4gtpmfc68JCEKehsdwLFqBu9VlQqZ1P1gg==",
			"license": "MIT",
			"engines": {
				"bun": ">=1.0.0",
				"deno": ">=2.0.0",
				"node": ">=12.0.0"
			},
			"funding": {
				"type": "github",
				"url": "https://github.com/mysqljs/sql-escaper?sponsor=1"
			}
		},
		"node_modules/standardwebhooks": {
			"version": "1.0.0",
			"resolved": "https://registry.npmjs.org/standardwebhooks/-/standardwebhooks-1.0.0.tgz",
			"integrity": "sha512-BbHGOQK9olHPMvQNHWul6MYlrRTAOKn03rOe4A8O3CLWhNf4YHBqq2HJKKC+sfqpxiBY52pNeesD6jIiLDz8jg==",
			"license": "MIT",
			"dependencies": {
				"@stablelib/base64": "^1.0.0",
				"fast-sha256": "^1.3.0"
			}
		},
		"node_modules/ts-algebra": {
			"version": "2.0.0",
			"resolved": "https://registry.npmjs.org/ts-algebra/-/ts-algebra-2.0.0.tgz",
			"integrity": "sha512-FPAhNPFMrkwz76P7cdjdmiShwMynZYN6SgOujD1urY4oNm80Ou9oMdmbR45LotcKOXoy7wSmHkRFE6Mxbrhefw==",
			"license": "MIT"
		},
		"node_modules/undici-types": {
			"version": "8.3.0",
			"resolved": "https://registry.npmjs.org/undici-types/-/undici-types-8.3.0.tgz",
			"integrity": "sha512-j375ScV60dom+YkPFIfTLcOiPxkN/buHz5GobjLhixFuANaNs3C9l4GmrWqejgXWJ7BbJcFYpTEUkS1Ge8bpZQ==",
			"license": "MIT"
		},
		"node_modules/whatwg-fetch": {
			"version": "3.6.20",
			"resolved": "https://registry.npmjs.org/whatwg-fetch/-/whatwg-fetch-3.6.20.tgz",
			"integrity": "sha512-EqhiFU6daOA8kpjOWTL0olhVOF3i7OrFzSYiGsEMB8GcXS+RrzauAERX65xMeNWVqxA6HXH2m69Z9LaKKdisfg==",
			"license": "MIT"
		},
		"node_modules/xtend": {
			"version": "4.0.2",
			"resolved": "https://registry.npmjs.org/xtend/-/xtend-4.0.2.tgz",
			"integrity": "sha512-LKYU1iAXJXUgAXn9URjiu+MWhyUXHsvfp7mcuYm9dSUKK0/CjtrUwFAxD82/mCWbtLsGjFIad0wIsod4zrTAEQ==",
			"license": "MIT",
			"engines": {
				"node": ">=0.4"
			}
		}
	},
	"dependencies": {
		"@anthropic-ai/sdk": {
			"version": "0.111.0",
			"resolved": "https://registry.npmjs.org/@anthropic-ai/sdk/-/sdk-0.111.0.tgz",
			"integrity": "sha512-1hUqKi+uJQoS5X90+InwHbFAXMvgq0DnsC5hVLEeSRaODiU5WvmqDAcVCmGS2wC0pN9Z8jtWCbWw7JLzeDdm/Q==",
			"requires": {
				"json-schema-to-ts": "^3.1.1",
				"standardwebhooks": "^1.0.0"
			}
		},
		"@babel/runtime": {
			"version": "7.29.7",
			"resolved": "https://registry.npmjs.org/@babel/runtime/-/runtime-7.29.7.tgz",
			"integrity": "sha512-Nq8OhGWiZIZGV6hLHoyAKLLcJihP/xFeBMGJoUrxTX2psI8dCifzLhZISFb+VWS3wFMRDmCGw5R+dOySCqPLhw=="
		},
		"@google/generative-ai": {
			"version": "0.24.1",
			"resolved": "https://registry.npmjs.org/@google/generative-ai/-/generative-ai-0.24.1.tgz",
			"integrity": "sha512-MqO+MLfM6kjxcKoy0p1wRzG3b4ZZXtPI+z2IE26UogS2Cm/XHO+7gGRBh6gcJsOiIVoH93UwKvW4HdgiOZCy9Q=="
		},
		"@stablelib/base64": {
			"version": "1.0.1",
			"resolved": "https://registry.npmjs.org/@stablelib/base64/-/base64-1.0.1.tgz",
			"integrity": "sha512-1bnPQqSxSuc3Ii6MhBysoWCg58j97aUjuCSZrGSmDxNqtytIi0k8utUenAwTZN4V5mXXYGsVUI9zeBqy+jBOSQ=="
		},
		"@types/geojson": {
			"version": "7946.0.16",
			"resolved": "https://registry.npmjs.org/@types/geojson/-/geojson-7946.0.16.tgz",
			"integrity": "sha512-6C8nqWur3j98U6+lXDfTUWIfgvZU+EumvpHKcYjujKH7woYyLj2sUmff0tRhrqM7BohUw7Pz3ZB1jj2gW9Fvmg=="
		},
		"@types/node": {
			"version": "26.1.1",
			"resolved": "https://registry.npmjs.org/@types/node/-/node-26.1.1.tgz",
			"integrity": "sha512-nxAkRSVkN1Y0JC1W8ky/fTfkGsMmcrRsbx+3XoZE+rMOX71kLYTV7fLXpqud1GpbpP5TuffXFqfX7fH2GgZREw==",
			"requires": {
				"undici-types": "~8.3.0"
			}
		},
		"@types/pg": {
			"version": "8.20.0",
			"resolved": "https://registry.npmjs.org/@types/pg/-/pg-8.20.0.tgz",
			"integrity": "sha512-bEPFOaMAHTEP1EzpvHTbmwR8UsFyHSKsRisLIHVMXnpNefSbGA1bD6CVy+qKjGSqmZqNqBDV2azOBo8TgkcVow==",
			"dev": true,
			"requires": {
				"@types/node": "*",
				"pg-protocol": "*",
				"pg-types": "^2.2.0"
			}
		},
		"aws-ssl-profiles": {
			"version": "1.1.2",
			"resolved": "https://registry.npmjs.org/aws-ssl-profiles/-/aws-ssl-profiles-1.1.2.tgz",
			"integrity": "sha512-NZKeq9AfyQvEeNlN0zSYAaWrmBffJh3IELMZfRpJVWgrpEbtEpnjvzqBPf+mxoI287JohRDoa+/nsfqqiZmF6g=="
		},
		"denque": {
			"version": "2.1.0",
			"resolved": "https://registry.npmjs.org/denque/-/denque-2.1.0.tgz",
			"integrity": "sha512-HVQE3AAb/pxF8fQAoiqpvg9i3evqug3hoiwakOyZAwJm+6vZehbkYXZ0l4JxS+I3QxM97v5aaRNhj8v5oBhekw=="
		},
		"fast-sha256": {
			"version": "1.3.0",
			"resolved": "https://registry.npmjs.org/fast-sha256/-/fast-sha256-1.3.0.tgz",
			"integrity": "sha512-n11RGP/lrWEFI/bWdygLxhI+pVeo1ZYIVwvvPkW7azl/rOy+F3HYRZ2K5zeE9mmkhQppyv9sQFx0JM9UabnpPQ=="
		},
		"generate-function": {
			"version": "2.3.1",
			"resolved": "https://registry.npmjs.org/generate-function/-/generate-function-2.3.1.tgz",
			"integrity": "sha512-eeB5GfMNeevm/GRYq20ShmsaGcmI81kIX2K9XQx5miC8KdHaC6Jm0qQ8ZNeGOi7wYB8OsdxKs+Y2oVuTFuVwKQ==",
			"requires": {
				"is-property": "^1.0.2"
			}
		},
		"iconv-lite": {
			"version": "0.7.3",
			"resolved": "https://registry.npmjs.org/iconv-lite/-/iconv-lite-0.7.3.tgz",
			"integrity": "sha512-IKXpvIzjnC9XTAUbVBcMfGS0EPaIXtW6v+zr+RRp+hqULEpo0owZax6wyRwPOJbWbzjYspQwusTsfVr0ifh4uQ==",
			"requires": {
				"safer-buffer": ">= 2.1.2 < 3.0.0"
			}
		},
		"is-property": {
			"version": "1.0.2",
			"resolved": "https://registry.npmjs.org/is-property/-/is-property-1.0.2.tgz",
			"integrity": "sha512-Ks/IoX00TtClbGQr4TWXemAnktAQvYB7HzcCxDGqEZU6oCmb2INHuOoKxbtR+HFkmYWBKv/dOZtGRiAjDhj92g=="
		},
		"json-schema-to-ts": {
			"version": "3.1.1",
			"resolved": "https://registry.npmjs.org/json-schema-to-ts/-/json-schema-to-ts-3.1.1.tgz",
			"integrity": "sha512-+DWg8jCJG2TEnpy7kOm/7/AxaYoaRbjVB4LFZLySZlWn8exGs3A4OLJR966cVvU26N7X9TWxl+Jsw7dzAqKT6g==",
			"requires": {
				"@babel/runtime": "^7.18.3",
				"ts-algebra": "^2.0.0"
			}
		},
		"long": {
			"version": "5.3.2",
			"resolved": "https://registry.npmjs.org/long/-/long-5.3.2.tgz",
			"integrity": "sha512-mNAgZ1GmyNhD7AuqnTG3/VQ26o760+ZYBPKjPvugO8+nLbYfX6TVpJPseBvopbdY+qpZ/lKUnmEc1LeZYS3QAA=="
		},
		"lru-cache": {
			"version": "11.5.2",
			"resolved": "https://registry.npmjs.org/lru-cache/-/lru-cache-11.5.2.tgz",
			"integrity": "sha512-4pfM1Ff0x50o0tQwb5ucw/RzNyD0/YJME6IVcStalZuMWxdt3sR3huStTtxz4PUmvZfRguvDejasvQ2kifR11g=="
		},
		"lru.min": {
			"version": "1.1.4",
			"resolved": "https://registry.npmjs.org/lru.min/-/lru.min-1.1.4.tgz",
			"integrity": "sha512-DqC6n3QQ77zdFpCMASA1a3Jlb64Hv2N2DciFGkO/4L9+q/IpIAuRlKOvCXabtRW6cQf8usbmM6BE/TOPysCdIA=="
		},
		"mariadb": {
			"version": "3.5.3",
			"resolved": "https://registry.npmjs.org/mariadb/-/mariadb-3.5.3.tgz",
			"integrity": "sha512-i053Kc0MgdUv/hu9mCyq67TYfPXFj3/MV8I7ZW5wvJNixIyXC0VztMPUjIVj/449nQo+BsxFD4Fdk/sA/uqKPQ==",
			"requires": {
				"@types/geojson": "^7946.0.16",
				"@types/node": ">=20",
				"denque": "^2.1.0",
				"iconv-lite": "^0.7.2",
				"lru-cache": "^11.5.0"
			}
		},
		"mysql2": {
			"version": "3.23.0",
			"resolved": "https://registry.npmjs.org/mysql2/-/mysql2-3.23.0.tgz",
			"integrity": "sha512-ZwyGLoG9BRlL7hKNDcIy7q18hA6WTWGEpLAerGHXj5Xahemia4msZdwjIOUIzesjK3B5z5gWLktf+2tYSLAyTA==",
			"requires": {
				"aws-ssl-profiles": "^1.1.2",
				"denque": "^2.1.0",
				"generate-function": "^2.3.1",
				"iconv-lite": "^0.7.2",
				"long": "^5.3.2",
				"lru.min": "^1.1.4",
				"named-placeholders": "^1.1.6",
				"sql-escaper": "^1.5.1"
			}
		},
		"named-placeholders": {
			"version": "1.1.6",
			"resolved": "https://registry.npmjs.org/named-placeholders/-/named-placeholders-1.1.6.tgz",
			"integrity": "sha512-Tz09sEL2EEuv5fFowm419c1+a/jSMiBjI9gHxVLrVdbUkkNUUfjsVYs9pVZu5oCon/kmRh9TfLEObFtkVxmY0w==",
			"requires": {
				"lru.min": "^1.1.0"
			}
		},
		"ollama": {
			"version": "0.6.3",
			"resolved": "https://registry.npmjs.org/ollama/-/ollama-0.6.3.tgz",
			"integrity": "sha512-KEWEhIqE5wtfzEIZbDCLH51VFZ6Z3ZSa6sIOg/E/tBV8S51flyqBOXi+bRxlOYKDf8i327zG9eSTb8IJxvm3Zg==",
			"requires": {
				"whatwg-fetch": "^3.6.20"
			}
		},
		"openai": {
			"version": "6.47.0",
			"resolved": "https://registry.npmjs.org/openai/-/openai-6.47.0.tgz",
			"integrity": "sha512-xYr+R9woSzWxVxeiqkkNbHhv89tZDEI6eBMbrdPnv3poh+mijHvbhS35a+3o6xHa411/ns8j5ENY3So9DCXWYw==",
			"requires": {}
		},
		"pg": {
			"version": "8.22.0",
			"resolved": "https://registry.npmjs.org/pg/-/pg-8.22.0.tgz",
			"integrity": "sha512-8wih1vVIBMxoUM2oB4soJsD9tDnDpLv4OXBJ+EJzFsvycD+lfyIreC2gGHq78f8jbLLt+bvlPTFdFZfJkOuzAA==",
			"requires": {
				"pg-cloudflare": "^1.4.0",
				"pg-connection-string": "^2.14.0",
				"pg-pool": "^3.14.0",
				"pg-protocol": "^1.15.0",
				"pg-types": "2.2.0",
				"pgpass": "1.0.5"
			}
		},
		"pg-cloudflare": {
			"version": "1.4.0",
			"resolved": "https://registry.npmjs.org/pg-cloudflare/-/pg-cloudflare-1.4.0.tgz",
			"integrity": "sha512-Vo7z/6rrQYxpNRylp4Tlob2elzbh+N/MOQbxFVWCxS7oEx6jF53GTJFxK2WWpKuBRkmiin4Mt+xofFDjx09R0A==",
			"optional": true
		},
		"pg-connection-string": {
			"version": "2.14.0",
			"resolved": "https://registry.npmjs.org/pg-connection-string/-/pg-connection-string-2.14.0.tgz",
			"integrity": "sha512-XwWDGcLRGCXAR8F/AM5bG7Q+A3Wm2s6QeEjlOKZLlH3UYcguiqCWKyWXVag5TLTIjR7oOJUY8kcADaZgWPyLeg=="
		},
		"pg-int8": {
			"version": "1.0.1",
			"resolved": "https://registry.npmjs.org/pg-int8/-/pg-int8-1.0.1.tgz",
			"integrity": "sha512-WCtabS6t3c8SkpDBUlb1kjOs7l66xsGdKpIPZsg4wR+B3+u9UAum2odSsF9tnvxg80h4ZxLWMy4pRjOsFIqQpw=="
		},
		"pg-pool": {
			"version": "3.14.0",
			"resolved": "https://registry.npmjs.org/pg-pool/-/pg-pool-3.14.0.tgz",
			"integrity": "sha512-gKtPkFdQPU3DksooVLi9LsjZxrsBUZIpa+7aVx+LV5pNh0KzP4Zleud2po+ConrxbuXGBJ6Hfer6hdgpIBpBaw==",
			"requires": {}
		},
		"pg-protocol": {
			"version": "1.15.0",
			"resolved": "https://registry.npmjs.org/pg-protocol/-/pg-protocol-1.15.0.tgz",
			"integrity": "sha512-cq9sECI5s0+uPUXjbz8ioyPJni6RzsRib0US67i5IoTZKw8fNeYlVE7u8F4dG7vEJJtc5wdD1K189lCCUwqWTQ=="
		},
		"pg-types": {
			"version": "2.2.0",
			"resolved": "https://registry.npmjs.org/pg-types/-/pg-types-2.2.0.tgz",
			"integrity": "sha512-qTAAlrEsl8s4OiEQY69wDvcMIdQN6wdz5ojQiOy6YRMuynxenON0O5oCpJI6lshc6scgAY8qvJ2On/p+CXY0GA==",
			"requires": {
				"pg-int8": "1.0.1",
				"postgres-array": "~2.0.0",
				"postgres-bytea": "~1.0.0",
				"postgres-date": "~1.0.4",
				"postgres-interval": "^1.1.0"
			}
		},
		"pgpass": {
			"version": "1.0.5",
			"resolved": "https://registry.npmjs.org/pgpass/-/pgpass-1.0.5.tgz",
			"integrity": "sha512-FdW9r/jQZhSeohs1Z3sI1yxFQNFvMcnmfuj4WBMUTxOrAyLMaTcE1aAMBiTlbMNaXvBCQuVi0R7hd8udDSP7ug==",
			"requires": {
				"split2": "^4.1.0"
			}
		},
		"postgres-array": {
			"version": "2.0.0",
			"resolved": "https://registry.npmjs.org/postgres-array/-/postgres-array-2.0.0.tgz",
			"integrity": "sha512-VpZrUqU5A69eQyW2c5CA1jtLecCsN2U/bD6VilrFDWq5+5UIEVO7nazS3TEcHf1zuPYO/sqGvUvW62g86RXZuA=="
		},
		"postgres-bytea": {
			"version": "1.0.1",
			"resolved": "https://registry.npmjs.org/postgres-bytea/-/postgres-bytea-1.0.1.tgz",
			"integrity": "sha512-5+5HqXnsZPE65IJZSMkZtURARZelel2oXUEO8rH83VS/hxH5vv1uHquPg5wZs8yMAfdv971IU+kcPUczi7NVBQ=="
		},
		"postgres-date": {
			"version": "1.0.7",
			"resolved": "https://registry.npmjs.org/postgres-date/-/postgres-date-1.0.7.tgz",
			"integrity": "sha512-suDmjLVQg78nMK2UZ454hAG+OAW+HQPZ6n++TNDUX+L0+uUlLywnoxJKDou51Zm+zTCjrCl0Nq6J9C5hP9vK/Q=="
		},
		"postgres-interval": {
			"version": "1.2.0",
			"resolved": "https://registry.npmjs.org/postgres-interval/-/postgres-interval-1.2.0.tgz",
			"integrity": "sha512-9ZhXKM/rw350N1ovuWHbGxnGh/SNJ4cnxHiM0rxE4VN41wsg8P8zWn9hv/buK00RP4WvlOyr/RBDiptyxVbkZQ==",
			"requires": {
				"xtend": "^4.0.0"
			}
		},
		"safer-buffer": {
			"version": "2.1.2",
			"resolved": "https://registry.npmjs.org/safer-buffer/-/safer-buffer-2.1.2.tgz",
			"integrity": "sha512-YZo3K82SD7Riyi0E1EQPojLz7kpepnSQI9IyPbHHg1XXXevb5dJI7tpyN2ADxGcQbHG7vcyRHk0cbwqcQriUtg=="
		},
		"split2": {
			"version": "4.2.0",
			"resolved": "https://registry.npmjs.org/split2/-/split2-4.2.0.tgz",
			"integrity": "sha512-UcjcJOWknrNkF6PLX83qcHM6KHgVKNkV62Y8a5uYDVv9ydGQVwAHMKqHdJje1VTWpljG0WYpCDhrCdAOYH4TWg=="
		},
		"sql-escaper": {
			"version": "1.5.1",
			"resolved": "https://registry.npmjs.org/sql-escaper/-/sql-escaper-1.5.1.tgz",
			"integrity": "sha512-4toX5E1fQbBrpfXidaHnF0669nkAdETeIPTs2SUjxxD7RRIs9ICG4gtpmfc68JCEKehsdwLFqBu9VlQqZ1P1gg=="
		},
		"standardwebhooks": {
			"version": "1.0.0",
			"resolved": "https://registry.npmjs.org/standardwebhooks/-/standardwebhooks-1.0.0.tgz",
			"integrity": "sha512-BbHGOQK9olHPMvQNHWul6MYlrRTAOKn03rOe4A8O3CLWhNf4YHBqq2HJKKC+sfqpxiBY52pNeesD6jIiLDz8jg==",
			"requires": {
				"@stablelib/base64": "^1.0.0",
				"fast-sha256": "^1.3.0"
			}
		},
		"ts-algebra": {
			"version": "2.0.0",
			"resolved": "https://registry.npmjs.org/ts-algebra/-/ts-algebra-2.0.0.tgz",
			"integrity": "sha512-FPAhNPFMrkwz76P7cdjdmiShwMynZYN6SgOujD1urY4oNm80Ou9oMdmbR45LotcKOXoy7wSmHkRFE6Mxbrhefw=="
		},
		"undici-types": {
			"version": "8.3.0",
			"resolved": "https://registry.npmjs.org/undici-types/-/undici-types-8.3.0.tgz",
			"integrity": "sha512-j375ScV60dom+YkPFIfTLcOiPxkN/buHz5GobjLhixFuANaNs3C9l4GmrWqejgXWJ7BbJcFYpTEUkS1Ge8bpZQ=="
		},
		"whatwg-fetch": {
			"version": "3.6.20",
			"resolved": "https://registry.npmjs.org/whatwg-fetch/-/whatwg-fetch-3.6.20.tgz",
			"integrity": "sha512-EqhiFU6daOA8kpjOWTL0olhVOF3i7OrFzSYiGsEMB8GcXS+RrzauAERX65xMeNWVqxA6HXH2m69Z9LaKKdisfg=="
		},
		"xtend": {
			"version": "4.0.2",
			"resolved": "https://registry.npmjs.org/xtend/-/xtend-4.0.2.tgz",
			"integrity": "sha512-LKYU1iAXJXUgAXn9URjiu+MWhyUXHsvfp7mcuYm9dSUKK0/CjtrUwFAxD82/mCWbtLsGjFIad0wIsod4zrTAEQ=="
		}
	}
}
