{
	"name": "Compiler",
	"lockfileVersion": 2,
	"requires": true,
	"packages": {
		"": {
			"dependencies": {
				"@types/node": "^22.5.5",
				"source-map": "^0.7.4"
			}
		},
		"node_modules/@types/node": {
			"version": "22.5.5",
			"resolved": "https://registry.npmjs.org/@types/node/-/node-22.5.5.tgz",
			"integrity": "sha512-Xjs4y5UPO/CLdzpgR6GirZJx36yScjh73+2NlLlkFRSoQN8B0DpfXPdZGnvVmLRLOsqDpOfTNv7D9trgGhmOIA==",
			"license": "MIT",
			"dependencies": {
				"undici-types": "~6.19.2"
			}
		},
		"node_modules/source-map": {
			"version": "0.7.4",
			"resolved": "https://registry.npmjs.org/source-map/-/source-map-0.7.4.tgz",
			"integrity": "sha512-l3BikUxvPOcn5E74dZiq5BGsTb5yEwhaTSzccU6t4sDOH8NWJCstKO5QT2CvtFoK6F0saL7p9xHAqHOlCPJygA==",
			"engines": {
				"node": ">= 8"
			}
		},
		"node_modules/undici-types": {
			"version": "6.19.6",
			"resolved": "https://registry.npmjs.org/undici-types/-/undici-types-6.19.6.tgz",
			"integrity": "sha512-e/vggGopEfTKSvj4ihnOLTsqhrKRN3LeO6qSN/GxohhuRv8qH9bNQ4B8W7e/vFL+0XTnmHPB4/kegunZGA4Org==",
			"license": "MIT"
		}
	},
	"dependencies": {
		"@types/node": {
			"version": "22.5.5",
			"resolved": "https://registry.npmjs.org/@types/node/-/node-22.5.5.tgz",
			"integrity": "sha512-Xjs4y5UPO/CLdzpgR6GirZJx36yScjh73+2NlLlkFRSoQN8B0DpfXPdZGnvVmLRLOsqDpOfTNv7D9trgGhmOIA==",
			"requires": {
				"undici-types": "~6.19.2"
			}
		},
		"source-map": {
			"version": "0.7.4",
			"resolved": "https://registry.npmjs.org/source-map/-/source-map-0.7.4.tgz",
			"integrity": "sha512-l3BikUxvPOcn5E74dZiq5BGsTb5yEwhaTSzccU6t4sDOH8NWJCstKO5QT2CvtFoK6F0saL7p9xHAqHOlCPJygA=="
		},
		"undici-types": {
			"version": "6.19.6",
			"resolved": "https://registry.npmjs.org/undici-types/-/undici-types-6.19.6.tgz",
			"integrity": "sha512-e/vggGopEfTKSvj4ihnOLTsqhrKRN3LeO6qSN/GxohhuRv8qH9bNQ4B8W7e/vFL+0XTnmHPB4/kegunZGA4Org=="
		}
	}
}
